
Microsoft Visual Studio Solution File, Format Version 12.00
# Visual Studio Version 17
VisualStudioVersion = 17.7.34024.191
MinimumVisualStudioVersion = 10.0.40219.1
Project("{FAE04EC0-301F-11D3-BF4B-00C04F79EFBC}") = "WindowsFormsApp1", "WindowsFormsApp1\WindowsFormsApp1.csproj", "{033A1D32-E273-46DC-A97F-32830B6A7515}"
EndProject
Global
	GlobalSection(SolutionConfigurationPlatforms) = preSolution
		Debug|Any CPU = Debug|Any CPU
		Release|Any CPU = Release|Any CPU
	EndGlobalSection
	GlobalSection(ProjectConfigurationPlatforms) = postSolution
		{033A1D32-E273-46DC-A97F-32830B6A7515}.Debug|Any CPU.ActiveCfg = Debug|Any CPU
		{033A1D32-E273-46DC-A97F-32830B6A7515}.Debug|Any CPU.Build.0 = Debug|Any CPU
		{033A1D32-E273-46DC-A97F-32830B6A7515}.Release|Any CPU.ActiveCfg = Release|Any CPU
		{033A1D32-E273-46DC-A97F-32830B6A7515}.Release|Any CPU.Build.0 = Release|Any CPU
	EndGlobalSection
	GlobalSection(SolutionProperties) = preSolution
		HideSolutionNode = FALSE
	EndGlobalSection
	GlobalSection(ExtensibilityGlobals) = postSolution
		SolutionGuid = {7F2444C1-4BD4-421A-A7A4-935A74BAFFE3}
	EndGlobalSection
EndGlobal
